
Microsoft Visual Studio Solution File, Format Version 12.00
# Visual Studio 15
VisualStudioVersion = 15.0.28307.102
MinimumVisualStudioVersion = 10.0.40219.1
Project("{FAE04EC0-301F-11D3-BF4B-00C04F79EFBC}") = "Nocrastination", "Nocrastination\Nocrastination.csproj", "{944F8E0E-6373-48BC-9DB4-94AA441633AD}"
EndProject
Global
	GlobalSection(SolutionConfigurationPlatforms) = preSolution
		Debug|Any CPU = Debug|Any CPU
		Release|Any CPU = Release|Any CPU
	EndGlobalSection
	GlobalSection(ProjectConfigurationPlatforms) = postSolution
		{944F8E0E-6373-48BC-9DB4-94AA441633AD}.Debug|Any CPU.ActiveCfg = Debug|Any CPU
		{944F8E0E-6373-48BC-9DB4-94AA441633AD}.Debug|Any CPU.Build.0 = Debug|Any CPU
		{944F8E0E-6373-48BC-9DB4-94AA441633AD}.Release|Any CPU.ActiveCfg = Release|Any CPU
		{944F8E0E-6373-48BC-9DB4-94AA441633AD}.Release|Any CPU.Build.0 = Release|Any CPU
	EndGlobalSection
	GlobalSection(SolutionProperties) = preSolution
		HideSolutionNode = FALSE
	EndGlobalSection
	GlobalSection(ExtensibilityGlobals) = postSolution
		SolutionGuid = {4E3ECAE3-8932-4241-8C75-8D4F3F92ECA6}
	EndGlobalSection
EndGlobal
